
Microsoft Visual Studio Solution File, Format Version 12.00
# Visual Studio Version 16
VisualStudioVersion = 16.0.28803.352
MinimumVisualStudioVersion = 10.0.40219.1
Project("{FAE04EC0-301F-11D3-BF4B-00C04F79EFBC}") = "EnigmaMachine", "EnigmaMachine\EnigmaMachine.csproj", "{DE9CC48F-9FB1-4BA6-9864-C5D875CD3B1B}"
EndProject
Global
	GlobalSection(SolutionConfigurationPlatforms) = preSolution
		Debug|Any CPU = Debug|Any CPU
		Release|Any CPU = Release|Any CPU
	EndGlobalSection
	GlobalSection(ProjectConfigurationPlatforms) = postSolution
		{DE9CC48F-9FB1-4BA6-9864-C5D875CD3B1B}.Debug|Any CPU.ActiveCfg = Debug|Any CPU
		{DE9CC48F-9FB1-4BA6-9864-C5D875CD3B1B}.Debug|Any CPU.Build.0 = Debug|Any CPU
		{DE9CC48F-9FB1-4BA6-9864-C5D875CD3B1B}.Release|Any CPU.ActiveCfg = Release|Any CPU
		{DE9CC48F-9FB1-4BA6-9864-C5D875CD3B1B}.Release|Any CPU.Build.0 = Release|Any CPU
	EndGlobalSection
	GlobalSection(SolutionProperties) = preSolution
		HideSolutionNode = FALSE
	EndGlobalSection
	GlobalSection(ExtensibilityGlobals) = postSolution
		SolutionGuid = {CF97267C-B8E7-41AD-9179-D75AAB50D4A8}
	EndGlobalSection
EndGlobal
